
Microsoft Visual Studio Solution File, Format Version 12.00
# Visual Studio Version 17
VisualStudioVersion = 17.11.35219.272
MinimumVisualStudioVersion = 10.0.40219.1
Project("{FAE04EC0-301F-11D3-BF4B-00C04F79EFBC}") = "PipesAB", "PipesAB\PipesAB.csproj", "{9EB5BD30-9957-4E31-87EF-6BC7FE955997}"
EndProject
Global
	GlobalSection(SolutionConfigurationPlatforms) = preSolution
		Debug|Any CPU = Debug|Any CPU
		Release|Any CPU = Release|Any CPU
	EndGlobalSection
	GlobalSection(ProjectConfigurationPlatforms) = postSolution
		{9EB5BD30-9957-4E31-87EF-6BC7FE955997}.Debug|Any CPU.ActiveCfg = Debug|Any CPU
		{9EB5BD30-9957-4E31-87EF-6BC7FE955997}.Debug|Any CPU.Build.0 = Debug|Any CPU
		{9EB5BD30-9957-4E31-87EF-6BC7FE955997}.Release|Any CPU.ActiveCfg = Release|Any CPU
		{9EB5BD30-9957-4E31-87EF-6BC7FE955997}.Release|Any CPU.Build.0 = Release|Any CPU
	EndGlobalSection
	GlobalSection(SolutionProperties) = preSolution
		HideSolutionNode = FALSE
	EndGlobalSection
	GlobalSection(ExtensibilityGlobals) = postSolution
		SolutionGuid = {9C434F44-182A-4DBB-BFF3-C5864E030470}
	EndGlobalSection
EndGlobal
